
Microsoft Visual Studio Solution File, Format Version 12.00
# Visual Studio 14
VisualStudioVersion = 14.0.25420.1
MinimumVisualStudioVersion = 10.0.40219.1
Project("{FAE04EC0-301F-11D3-BF4B-00C04F79EFBC}") = "PR.Networking", "PR.Networking\PR.Networking.csproj", "{3362232E-E2C3-4CFB-A130-AF59E15ECCA2}"
EndProject
Project("{FAE04EC0-301F-11D3-BF4B-00C04F79EFBC}") = "PR.Emulation", "PR.Emulation\PR.Emulation.csproj", "{4F3EED3A-F94E-44A8-87D2-F937BF950478}"
EndProject
Project("{FAE04EC0-301F-11D3-BF4B-00C04F79EFBC}") = "PR.Presentation.Client", "PR.Presentation.Client\PR.Presentation.Client.csproj", "{7C6E4AAD-C5E2-4241-8A43-80D9A8379408}"
EndProject
Project("{FAE04EC0-301F-11D3-BF4B-00C04F79EFBC}") = "PR.Presentation.Server", "PR.Presentation.Server\PR.Presentation.Server.csproj", "{71F7EB32-8CC6-4C18-B9CA-413EE5E243B0}"
EndProject
Global
	GlobalSection(SolutionConfigurationPlatforms) = preSolution
		Debug|Any CPU = Debug|Any CPU
		Release|Any CPU = Release|Any CPU
	EndGlobalSection
	GlobalSection(ProjectConfigurationPlatforms) = postSolution
		{3362232E-E2C3-4CFB-A130-AF59E15ECCA2}.Debug|Any CPU.ActiveCfg = Debug|Any CPU
		{3362232E-E2C3-4CFB-A130-AF59E15ECCA2}.Debug|Any CPU.Build.0 = Debug|Any CPU
		{3362232E-E2C3-4CFB-A130-AF59E15ECCA2}.Release|Any CPU.ActiveCfg = Release|Any CPU
		{3362232E-E2C3-4CFB-A130-AF59E15ECCA2}.Release|Any CPU.Build.0 = Release|Any CPU
		{4F3EED3A-F94E-44A8-87D2-F937BF950478}.Debug|Any CPU.ActiveCfg = Debug|Any CPU
		{4F3EED3A-F94E-44A8-87D2-F937BF950478}.Debug|Any CPU.Build.0 = Debug|Any CPU
		{4F3EED3A-F94E-44A8-87D2-F937BF950478}.Release|Any CPU.ActiveCfg = Release|Any CPU
		{4F3EED3A-F94E-44A8-87D2-F937BF950478}.Release|Any CPU.Build.0 = Release|Any CPU
		{7C6E4AAD-C5E2-4241-8A43-80D9A8379408}.Debug|Any CPU.ActiveCfg = Debug|Any CPU
		{7C6E4AAD-C5E2-4241-8A43-80D9A8379408}.Debug|Any CPU.Build.0 = Debug|Any CPU
		{7C6E4AAD-C5E2-4241-8A43-80D9A8379408}.Release|Any CPU.ActiveCfg = Release|Any CPU
		{7C6E4AAD-C5E2-4241-8A43-80D9A8379408}.Release|Any CPU.Build.0 = Release|Any CPU
		{71F7EB32-8CC6-4C18-B9CA-413EE5E243B0}.Debug|Any CPU.ActiveCfg = Debug|Any CPU
		{71F7EB32-8CC6-4C18-B9CA-413EE5E243B0}.Debug|Any CPU.Build.0 = Debug|Any CPU
		{71F7EB32-8CC6-4C18-B9CA-413EE5E243B0}.Release|Any CPU.ActiveCfg = Release|Any CPU
		{71F7EB32-8CC6-4C18-B9CA-413EE5E243B0}.Release|Any CPU.Build.0 = Release|Any CPU
	EndGlobalSection
	GlobalSection(SolutionProperties) = preSolution
		HideSolutionNode = FALSE
	EndGlobalSection
EndGlobal
